// !$*UTF8*$!
{
	archiveVersion = 1;
	classes = {
	};
	objectVersion = 50;
	objects = {

/* Begin PBXBuildFile section */
		A941670421402EFA00F59ACB /* AppDelegate.swift in Sources */ = {isa = PBXBuildFile; fileRef = A941670321402EFA00F59ACB /* AppDelegate.swift */; };
		A941670621402EFA00F59ACB /* ViewController.swift in Sources */ = {isa = PBXBuildFile; fileRef = A941670521402EFA00F59ACB /* ViewController.swift */; };
		A941670921402EFA00F59ACB /* Main.storyboard in Resources */ = {isa = PBXBuildFile; fileRef = A941670721402EFA00F59ACB /* Main.storyboard */; };
		A941670B21402F0000F59ACB /* Assets.xcassets in Resources */ = {isa = PBXBuildFile; fileRef = A941670A21402F0000F59ACB /* Assets.xcassets */; };
		A941670E21402F0000F59ACB /* LaunchScreen.storyboard in Resources */ = {isa = PBXBuildFile; fileRef = A941670C21402F0000F59ACB /* LaunchScreen.storyboard */; };
		A941671921402F0000F59ACB /* InteractiveStoryTests.swift in Sources */ = {isa = PBXBuildFile; fileRef = A941671821402F0000F59ACB /* InteractiveStoryTests.swift */; };
		A941672421402F0000F59ACB /* InteractiveStoryUITests.swift in Sources */ = {isa = PBXBuildFile; fileRef = A941672321402F0000F59ACB /* InteractiveStoryUITests.swift */; };
		A941673221403E7600F59ACB /* Story.swift in Sources */ = {isa = PBXBuildFile; fileRef = A941673121403E7600F59ACB /* Story.swift */; };
		A94167342140414D00F59ACB /* Page.swift in Sources */ = {isa = PBXBuildFile; fileRef = A94167332140414D00F59ACB /* Page.swift */; };
/* End PBXBuildFile section */

/* Begin PBXContainerItemProxy section */
		A941671521402F0000F59ACB /* PBXContainerItemProxy */ = {
			isa = PBXContainerItemProxy;
			containerPortal = A94166F821402EFA00F59ACB /* Project object */;
			proxyType = 1;
			remoteGlobalIDString = A94166FF21402EFA00F59ACB;
			remoteInfo = InteractiveStory;
		};
		A941672021402F0000F59ACB /* PBXContainerItemProxy */ = {
			isa = PBXContainerItemProxy;
			containerPortal = A94166F821402EFA00F59ACB /* Project object */;
			proxyType = 1;
			remoteGlobalIDString = A94166FF21402EFA00F59ACB;
			remoteInfo = InteractiveStory;
		};
/* End PBXContainerItemProxy section */

/* Begin PBXFileReference section */
		A941670021402EFA00F59ACB /* InteractiveStory.app */ = {isa = PBXFileReference; explicitFileType = wrapper.application; includeInIndex = 0; path = InteractiveStory.app; sourceTree = BUILT_PRODUCTS_DIR; };
		A941670321402EFA00F59ACB /* AppDelegate.swift */ = {isa = PBXFileReference; lastKnownFileType = sourcecode.swift; path = AppDelegate.swift; sourceTree = "<group>"; };
		A941670521402EFA00F59ACB /* ViewController.swift */ = {isa = PBXFileReference; lastKnownFileType = sourcecode.swift; path = ViewController.swift; sourceTree = "<group>"; };
		A941670821402EFA00F59ACB /* Base */ = {isa = PBXFileReference; lastKnownFileType = file.storyboard; name = Base; path = Base.lproj/Main.storyboard; sourceTree = "<group>"; };
		A941670A21402F0000F59ACB /* Assets.xcassets */ = {isa = PBXFileReference; lastKnownFileType = folder.assetcatalog; path = Assets.xcassets; sourceTree = "<group>"; };
		A941670D21402F0000F59ACB /* Base */ = {isa = PBXFileReference; lastKnownFileType = file.storyboard; name = Base; path = Base.lproj/LaunchScreen.storyboard; sourceTree = "<group>"; };
		A941670F21402F0000F59ACB /* Info.plist */ = {isa = PBXFileReference; lastKnownFileType = text.plist.xml; path = Info.plist; sourceTree = "<group>"; };
		A941671421402F0000F59ACB /* InteractiveStoryTests.xctest */ = {isa = PBXFileReference; explicitFileType = wrapper.cfbundle; includeInIndex = 0; path = InteractiveStoryTests.xctest; sourceTree = BUILT_PRODUCTS_DIR; };
		A941671821402F0000F59ACB /* InteractiveStoryTests.swift */ = {isa = PBXFileReference; lastKnownFileType = sourcecode.swift; path = InteractiveStoryTests.swift; sourceTree = "<group>"; };
		A941671A21402F0000F59ACB /* Info.plist */ = {isa = PBXFileReference; lastKnownFileType = text.plist.xml; path = Info.plist; sourceTree = "<group>"; };
		A941671F21402F0000F59ACB /* InteractiveStoryUITests.xctest */ = {isa = PBXFileReference; explicitFileType = wrapper.cfbundle; includeInIndex = 0; path = InteractiveStoryUITests.xctest; sourceTree = BUILT_PRODUCTS_DIR; };
		A941672321402F0000F59ACB /* InteractiveStoryUITests.swift */ = {isa = PBXFileReference; lastKnownFileType = sourcecode.swift; path = InteractiveStoryUITests.swift; sourceTree = "<group>"; };
		A941672521402F0000F59ACB /* Info.plist */ = {isa = PBXFileReference; lastKnownFileType = text.plist.xml; path = Info.plist; sourceTree = "<group>"; };
		A941673121403E7600F59ACB /* Story.swift */ = {isa = PBXFileReference; lastKnownFileType = sourcecode.swift; path = Story.swift; sourceTree = "<group>"; };
		A94167332140414D00F59ACB /* Page.swift */ = {isa = PBXFileReference; lastKnownFileType = sourcecode.swift; path = Page.swift; sourceTree = "<group>"; };
/* End PBXFileReference section */

/* Begin PBXFrameworksBuildPhase section */
		A94166FD21402EFA00F59ACB /* Frameworks */ = {
			isa = PBXFrameworksBuildPhase;
			buildActionMask = 2147483647;
			files = (
			);
			runOnlyForDeploymentPostprocessing = 0;
		};
		A941671121402F0000F59ACB /* Frameworks */ = {
			isa = PBXFrameworksBuildPhase;
			buildActionMask = 2147483647;
			files = (
			);
			runOnlyForDeploymentPostprocessing = 0;
		};
		A941671C21402F0000F59ACB /* Frameworks */ = {
			isa = PBXFrameworksBuildPhase;
			buildActionMask = 2147483647;
			files = (
			);
			runOnlyForDeploymentPostprocessing = 0;
		};
/* End PBXFrameworksBuildPhase section */

/* Begin PBXGroup section */
		A94166F721402EFA00F59ACB = {
			isa = PBXGroup;
			children = (
				A941670221402EFA00F59ACB /* InteractiveStory */,
				A941671721402F0000F59ACB /* InteractiveStoryTests */,
				A941672221402F0000F59ACB /* InteractiveStoryUITests */,
				A941670121402EFA00F59ACB /* Products */,
			);
			sourceTree = "<group>";
		};
		A941670121402EFA00F59ACB /* Products */ = {
			isa = PBXGroup;
			children = (
				A941670021402EFA00F59ACB /* InteractiveStory.app */,
				A941671421402F0000F59ACB /* InteractiveStoryTests.xctest */,
				A941671F21402F0000F59ACB /* InteractiveStoryUITests.xctest */,
			);
			name = Products;
			sourceTree = "<group>";
		};
		A941670221402EFA00F59ACB /* InteractiveStory */ = {
			isa = PBXGroup;
			children = (
				A941670321402EFA00F59ACB /* AppDelegate.swift */,
				A941670521402EFA00F59ACB /* ViewController.swift */,
				A941670721402EFA00F59ACB /* Main.storyboard */,
				A941670A21402F0000F59ACB /* Assets.xcassets */,
				A941670C21402F0000F59ACB /* LaunchScreen.storyboard */,
				A941670F21402F0000F59ACB /* Info.plist */,
				A941673121403E7600F59ACB /* Story.swift */,
				A94167332140414D00F59ACB /* Page.swift */,
			);
			path = InteractiveStory;
			sourceTree = "<group>";
		};
		A941671721402F0000F59ACB /* InteractiveStoryTests */ = {
			isa = PBXGroup;
			children = (
				A941671821402F0000F59ACB /* InteractiveStoryTests.swift */,
				A941671A21402F0000F59ACB /* Info.plist */,
			);
			path = InteractiveStoryTests;
			sourceTree = "<group>";
		};
		A941672221402F0000F59ACB /* InteractiveStoryUITests */ = {
			isa = PBXGroup;
			children = (
				A941672321402F0000F59ACB /* InteractiveStoryUITests.swift */,
				A941672521402F0000F59ACB /* Info.plist */,
			);
			path = InteractiveStoryUITests;
			sourceTree = "<group>";
		};
/* End PBXGroup section */

/* Begin PBXNativeTarget section */
		A94166FF21402EFA00F59ACB /* InteractiveStory */ = {
			isa = PBXNativeTarget;
			buildConfigurationList = A941672821402F0000F59ACB /* Build configuration list for PBXNativeTarget "InteractiveStory" */;
			buildPhases = (
				A94166FC21402EFA00F59ACB /* Sources */,
				A94166FD21402EFA00F59ACB /* Frameworks */,
				A94166FE21402EFA00F59ACB /* Resources */,
			);
			buildRules = (
			);
			dependencies = (
			);
			name = InteractiveStory;
			productName = InteractiveStory;
			productReference = A941670021402EFA00F59ACB /* InteractiveStory.app */;
			productType = "com.apple.product-type.application";
		};
		A941671321402F0000F59ACB /* InteractiveStoryTests */ = {
			isa = PBXNativeTarget;
			buildConfigurationList = A941672B21402F0000F59ACB /* Build configuration list for PBXNativeTarget "InteractiveStoryTests" */;
			buildPhases = (
				A941671021402F0000F59ACB /* Sources */,
				A941671121402F0000F59ACB /* Frameworks */,
				A941671221402F0000F59ACB /* Resources */,
			);
			buildRules = (
			);
			dependencies = (
				A941671621402F0000F59ACB /* PBXTargetDependency */,
			);
			name = InteractiveStoryTests;
			productName = InteractiveStoryTests;
			productReference = A941671421402F0000F59ACB /* InteractiveStoryTests.xctest */;
			productType = "com.apple.product-type.bundle.unit-test";
		};
		A941671E21402F0000F59ACB /* InteractiveStoryUITests */ = {
			isa = PBXNativeTarget;
			buildConfigurationList = A941672E21402F0000F59ACB /* Build configuration list for PBXNativeTarget "InteractiveStoryUITests" */;
			buildPhases = (
				A941671B21402F0000F59ACB /* Sources */,
				A941671C21402F0000F59ACB /* Frameworks */,
				A941671D21402F0000F59ACB /* Resources */,
			);
			buildRules = (
			);
			dependencies = (
				A941672121402F0000F59ACB /* PBXTargetDependency */,
			);
			name = InteractiveStoryUITests;
			productName = InteractiveStoryUITests;
			productReference = A941671F21402F0000F59ACB /* InteractiveStoryUITests.xctest */;
			productType = "com.apple.product-type.bundle.ui-testing";
		};
/* End PBXNativeTarget section */

/* Begin PBXProject section */
		A94166F821402EFA00F59ACB /* Project object */ = {
			isa = PBXProject;
			attributes = {
				LastSwiftUpdateCheck = 0940;
				LastUpgradeCheck = 0940;
				ORGANIZATIONNAME = "Al Ciccone";
				TargetAttributes = {
					A94166FF21402EFA00F59ACB = {
						CreatedOnToolsVersion = 9.4.1;
					};
					A941671321402F0000F59ACB = {
						CreatedOnToolsVersion = 9.4.1;
						TestTargetID = A94166FF21402EFA00F59ACB;
					};
					A941671E21402F0000F59ACB = {
						CreatedOnToolsVersion = 9.4.1;
						TestTargetID = A94166FF21402EFA00F59ACB;
					};
				};
			};
			buildConfigurationList = A94166FB21402EFA00F59ACB /* Build configuration list for PBXProject "InteractiveStory" */;
			compatibilityVersion = "Xcode 9.3";
			developmentRegion = en;
			hasScannedForEncodings = 0;
			knownRegions = (
				en,
				Base,
			);
			mainGroup = A94166F721402EFA00F59ACB;
			productRefGroup = A941670121402EFA00F59ACB /* Products */;
			projectDirPath = "";
			projectRoot = "";
			targets = (
				A94166FF21402EFA00F59ACB /* InteractiveStory */,
				A941671321402F0000F59ACB /* InteractiveStoryTests */,
				A941671E21402F0000F59ACB /* InteractiveStoryUITests */,
			);
		};
/* End PBXProject section */

/* Begin PBXResourcesBuildPhase section */
		A94166FE21402EFA00F59ACB /* Resources */ = {
			isa = PBXResourcesBuildPhase;
			buildActionMask = 2147483647;
			files = (
				A941670E21402F0000F59ACB /* LaunchScreen.storyboard in Resources */,
				A941670B21402F0000F59ACB /* Assets.xcassets in Resources */,
				A941670921402EFA00F59ACB /* Main.storyboard in Resources */,
			);
			runOnlyForDeploymentPostprocessing = 0;
		};
		A941671221402F0000F59ACB /* Resources */ = {
			isa = PBXResourcesBuildPhase;
			buildActionMask = 2147483647;
			files = (
			);
			runOnlyForDeploymentPostprocessing = 0;
		};
		A941671D21402F0000F59ACB /* Resources */ = {
			isa = PBXResourcesBuildPhase;
			buildActionMask = 2147483647;
			files = (
			);
			runOnlyForDeploymentPostprocessing = 0;
		};
/* End PBXResourcesBuildPhase section */

/* Begin PBXSourcesBuildPhase section */
		A94166FC21402EFA00F59ACB /* Sources */ = {
			isa = PBXSourcesBuildPhase;
			buildActionMask = 2147483647;
			files = (
				A941670621402EFA00F59ACB /* ViewController.swift in Sources */,
				A941673221403E7600F59ACB /* Story.swift in Sources */,
				A94167342140414D00F59ACB /* Page.swift in Sources */,
				A941670421402EFA00F59ACB /* AppDelegate.swift in Sources */,
			);
			runOnlyForDeploymentPostprocessing = 0;
		};
		A941671021402F0000F59ACB /* Sources */ = {
			isa = PBXSourcesBuildPhase;
			buildActionMask = 2147483647;
			files = (
				A941671921402F0000F59ACB /* InteractiveStoryTests.swift in Sources */,
			);
			runOnlyForDeploymentPostprocessing = 0;
		};
		A941671B21402F0000F59ACB /* Sources */ = {
			isa = PBXSourcesBuildPhase;
			buildActionMask = 2147483647;
			files = (
				A941672421402F0000F59ACB /* InteractiveStoryUITests.swift in Sources */,
			);
			runOnlyForDeploymentPostprocessing = 0;
		};
/* End PBXSourcesBuildPhase section */

/* Begin PBXTargetDependency section */
		A941671621402F0000F59ACB /* PBXTargetDependency */ = {
			isa = PBXTargetDependency;
			target = A94166FF21402EFA00F59ACB /* InteractiveStory */;
			targetProxy = A941671521402F0000F59ACB /* PBXContainerItemProxy */;
		};
		A941672121402F0000F59ACB /* PBXTargetDependency */ = {
			isa = PBXTargetDependency;
			target = A94166FF21402EFA00F59ACB /* InteractiveStory */;
			targetProxy = A941672021402F0000F59ACB /* PBXContainerItemProxy */;
		};
/* End PBXTargetDependency section */

/* Begin PBXVariantGroup section */
		A941670721402EFA00F59ACB /* Main.storyboard */ = {
			isa = PBXVariantGroup;
			children = (
				A941670821402EFA00F59ACB /* Base */,
			);
			name = Main.storyboard;
			sourceTree = "<group>";
		};
		A941670C21402F0000F59ACB /* LaunchScreen.storyboard */ = {
			isa = PBXVariantGroup;
			children = (
				A941670D21402F0000F59ACB /* Base */,
			);
			name = LaunchScreen.storyboard;
			sourceTree = "<group>";
		};
/* End PBXVariantGroup section */

/* Begin XCBuildConfiguration section */
		A941672621402F0000F59ACB /* Debug */ = {
			isa = XCBuildConfiguration;
			buildSettings = {
				ALWAYS_SEARCH_USER_PATHS = NO;
				CLANG_ANALYZER_NONNULL = YES;
				CLANG_ANALYZER_NUMBER_OBJECT_CONVERSION = YES_AGGRESSIVE;
				CLANG_CXX_LANGUAGE_STANDARD = "gnu++14";
				CLANG_CXX_LIBRARY = "libc++";
				CLANG_ENABLE_MODULES = YES;
				CLANG_ENABLE_OBJC_ARC = YES;
				CLANG_ENABLE_OBJC_WEAK = YES;
				CLANG_WARN_BLOCK_CAPTURE_AUTORELEASING = YES;
				CLANG_WARN_BOOL_CONVERSION = YES;
				CLANG_WARN_COMMA = YES;
				CLANG_WARN_CONSTANT_CONVERSION = YES;
				CLANG_WARN_DEPRECATED_OBJC_IMPLEMENTATIONS = YES;
				CLANG_WARN_DIRECT_OBJC_ISA_USAGE = YES_ERROR;
				CLANG_WARN_DOCUMENTATION_COMMENTS = YES;
				CLANG_WARN_EMPTY_BODY = YES;
				CLANG_WARN_ENUM_CONVERSION = YES;
				CLANG_WARN_INFINITE_RECURSION = YES;
				CLANG_WARN_INT_CONVERSION = YES;
				CLANG_WARN_NON_LITERAL_NULL_CONVERSION = YES;
				CLANG_WARN_OBJC_IMPLICIT_RETAIN_SELF = YES;
				CLANG_WARN_OBJC_LITERAL_CONVERSION = YES;
				CLANG_WARN_OBJC_ROOT_CLASS = YES_ERROR;
				CLANG_WARN_RANGE_LOOP_ANALYSIS = YES;
				CLANG_WARN_STRICT_PROTOTYPES = YES;
				CLANG_WARN_SUSPICIOUS_MOVE = YES;
				CLANG_WARN_UNGUARDED_AVAILABILITY = YES_AGGRESSIVE;
				CLANG_WARN_UNREACHABLE_CODE = YES;
				CLANG_WARN__DUPLICATE_METHOD_MATCH = YES;
				CODE_SIGN_IDENTITY = "iPhone Developer";
				COPY_PHASE_STRIP = NO;
				DEBUG_INFORMATION_FORMAT = dwarf;
				ENABLE_STRICT_OBJC_MSGSEND = YES;
				ENABLE_TESTABILITY = YES;
				GCC_C_LANGUAGE_STANDARD = gnu11;
				GCC_DYNAMIC_NO_PIC = NO;
				GCC_NO_COMMON_BLOCKS = YES;
				GCC_OPTIMIZATION_LEVEL = 0;
				GCC_PREPROCESSOR_DEFINITIONS = (
					"DEBUG=1",
					"$(inherited)",
				);
				GCC_WARN_64_TO_32_BIT_CONVERSION = YES;
				GCC_WARN_ABOUT_RETURN_TYPE = YES_ERROR;
				GCC_WARN_UNDECLARED_SELECTOR = YES;
				GCC_WARN_UNINITIALIZED_AUTOS = YES_AGGRESSIVE;
				GCC_WARN_UNUSED_FUNCTION = YES;
				GCC_WARN_UNUSED_VARIABLE = YES;
				IPHONEOS_DEPLOYMENT_TARGET = 11.4;
				MTL_ENABLE_DEBUG_INFO = YES;
				ONLY_ACTIVE_ARCH = YES;
				SDKROOT = iphoneos;
				SWIFT_ACTIVE_COMPILATION_CONDITIONS = DEBUG;
				SWIFT_OPTIMIZATION_LEVEL = "-Onone";
			};
			name = Debug;
		};
		A941672721402F0000F59ACB /* Release */ = {
			isa = XCBuildConfiguration;
			buildSettings = {
				ALWAYS_SEARCH_USER_PATHS = NO;
				CLANG_ANALYZER_NONNULL = YES;
				CLANG_ANALYZER_NUMBER_OBJECT_CONVERSION = YES_AGGRESSIVE;
				CLANG_CXX_LANGUAGE_STANDARD = "gnu++14";
				CLANG_CXX_LIBRARY = "libc++";
				CLANG_ENABLE_MODULES = YES;
				CLANG_ENABLE_OBJC_ARC = YES;
				CLANG_ENABLE_OBJC_WEAK = YES;
				CLANG_WARN_BLOCK_CAPTURE_AUTORELEASING = YES;
				CLANG_WARN_BOOL_CONVERSION = YES;
				CLANG_WARN_COMMA = YES;
				CLANG_WARN_CONSTANT_CONVERSION = YES;
				CLANG_WARN_DEPRECATED_OBJC_IMPLEMENTATIONS = YES;
				CLANG_WARN_DIRECT_OBJC_ISA_USAGE = YES_ERROR;
				CLANG_WARN_DOCUMENTATION_COMMENTS = YES;
				CLANG_WARN_EMPTY_BODY = YES;
				CLANG_WARN_ENUM_CONVERSION = YES;
				CLANG_WARN_INFINITE_RECURSION = YES;
				CLANG_WARN_INT_CONVERSION = YES;
				CLANG_WARN_NON_LITERAL_NULL_CONVERSION = YES;
				CLANG_WARN_OBJC_IMPLICIT_RETAIN_SELF = YES;
				CLANG_WARN_OBJC_LITERAL_CONVERSION = YES;
				CLANG_WARN_OBJC_ROOT_CLASS = YES_ERROR;
				CLANG_WARN_RANGE_LOOP_ANALYSIS = YES;
				CLANG_WARN_STRICT_PROTOTYPES = YES;
				CLANG_WARN_SUSPICIOUS_MOVE = YES;
				CLANG_WARN_UNGUARDED_AVAILABILITY = YES_AGGRESSIVE;
				CLANG_WARN_UNREACHABLE_CODE = YES;
				CLANG_WARN__DUPLICATE_METHOD_MATCH = YES;
				CODE_SIGN_IDENTITY = "iPhone Developer";
				COPY_PHASE_STRIP = NO;
				DEBUG_INFORMATION_FORMAT = "dwarf-with-dsym";
				ENABLE_NS_ASSERTIONS = NO;
				ENABLE_STRICT_OBJC_MSGSEND = YES;
				GCC_C_LANGUAGE_STANDARD = gnu11;
				GCC_NO_COMMON_BLOCKS = YES;
				GCC_WARN_64_TO_32_BIT_CONVERSION = YES;
				GCC_WARN_ABOUT_RETURN_TYPE = YES_ERROR;
				GCC_WARN_UNDECLARED_SELECTOR = YES;
				GCC_WARN_UNINITIALIZED_AUTOS = YES_AGGRESSIVE;
				GCC_WARN_UNUSED_FUNCTION = YES;
				GCC_WARN_UNUSED_VARIABLE = YES;
				IPHONEOS_DEPLOYMENT_TARGET = 11.4;
				MTL_ENABLE_DEBUG_INFO = NO;
				SDKROOT = iphoneos;
				SWIFT_COMPILATION_MODE = wholemodule;
				SWIFT_OPTIMIZATION_LEVEL = "-O";
				VALIDATE_PRODUCT = YES;
			};
			name = Release;
		};
		A941672921402F0000F59ACB /* Debug */ = {
			isa = XCBuildConfiguration;
			buildSettings = {
				ASSETCATALOG_COMPILER_APPICON_NAME = AppIcon;
				CODE_SIGN_STYLE = Automatic;
				INFOPLIST_FILE = InteractiveStory/Info.plist;
				LD_RUNPATH_SEARCH_PATHS = (
					"$(inherited)",
					"@executable_path/Frameworks",
				);
				PRODUCT_BUNDLE_IDENTIFIER = com.alciccone.InteractiveStory;
				PRODUCT_NAME = "$(TARGET_NAME)";
				SWIFT_VERSION = 4.0;
				TARGETED_DEVICE_FAMILY = "1,2";
			};
			name = Debug;
		};
		A941672A21402F0000F59ACB /* Release */ = {
			isa = XCBuildConfiguration;
			buildSettings = {
				ASSETCATALOG_COMPILER_APPICON_NAME = AppIcon;
				CODE_SIGN_STYLE = Automatic;
				INFOPLIST_FILE = InteractiveStory/Info.plist;
				LD_RUNPATH_SEARCH_PATHS = (
					"$(inherited)",
					"@executable_path/Frameworks",
				);
				PRODUCT_BUNDLE_IDENTIFIER = com.alciccone.InteractiveStory;
				PRODUCT_NAME = "$(TARGET_NAME)";
				SWIFT_VERSION = 4.0;
				TARGETED_DEVICE_FAMILY = "1,2";
			};
			name = Release;
		};
		A941672C21402F0000F59ACB /* Debug */ = {
			isa = XCBuildConfiguration;
			buildSettings = {
				ALWAYS_EMBED_SWIFT_STANDARD_LIBRARIES = YES;
				BUNDLE_LOADER = "$(TEST_HOST)";
				CODE_SIGN_STYLE = Automatic;
				INFOPLIST_FILE = InteractiveStoryTests/Info.plist;
				LD_RUNPATH_SEARCH_PATHS = (
					"$(inherited)",
					"@executable_path/Frameworks",
					"@loader_path/Frameworks",
				);
				PRODUCT_BUNDLE_IDENTIFIER = com.alciccone.InteractiveStoryTests;
				PRODUCT_NAME = "$(TARGET_NAME)";
				SWIFT_VERSION = 4.0;
				TARGETED_DEVICE_FAMILY = "1,2";
				TEST_HOST = "$(BUILT_PRODUCTS_DIR)/InteractiveStory.app/InteractiveStory";
			};
			name = Debug;
		};
		A941672D21402F0000F59ACB /* Release */ = {
			isa = XCBuildConfiguration;
			buildSettings = {
				ALWAYS_EMBED_SWIFT_STANDARD_LIBRARIES = YES;
				BUNDLE_LOADER = "$(TEST_HOST)";
				CODE_SIGN_STYLE = Automatic;
				INFOPLIST_FILE = InteractiveStoryTests/Info.plist;
				LD_RUNPATH_SEARCH_PATHS = (
					"$(inherited)",
					"@executable_path/Frameworks",
					"@loader_path/Frameworks",
				);
				PRODUCT_BUNDLE_IDENTIFIER = com.alciccone.InteractiveStoryTests;
				PRODUCT_NAME = "$(TARGET_NAME)";
				SWIFT_VERSION = 4.0;
				TARGETED_DEVICE_FAMILY = "1,2";
				TEST_HOST = "$(BUILT_PRODUCTS_DIR)/InteractiveStory.app/InteractiveStory";
			};
			name = Release;
		};
		A941672F21402F0000F59ACB /* Debug */ = {
			isa = XCBuildConfiguration;
			buildSettings = {
				ALWAYS_EMBED_SWIFT_STANDARD_LIBRARIES = YES;
				CODE_SIGN_STYLE = Automatic;
				INFOPLIST_FILE = InteractiveStoryUITests/Info.plist;
				LD_RUNPATH_SEARCH_PATHS = (
					"$(inherited)",
					"@executable_path/Frameworks",
					"@loader_path/Frameworks",
				);
				PRODUCT_BUNDLE_IDENTIFIER = com.alciccone.InteractiveStoryUITests;
				PRODUCT_NAME = "$(TARGET_NAME)";
				SWIFT_VERSION = 4.0;
				TARGETED_DEVICE_FAMILY = "1,2";
				TEST_TARGET_NAME = InteractiveStory;
			};
			name = Debug;
		};
		A941673021402F0000F59ACB /* Release */ = {
			isa = XCBuildConfiguration;
			buildSettings = {
				ALWAYS_EMBED_SWIFT_STANDARD_LIBRARIES = YES;
				CODE_SIGN_STYLE = Automatic;
				INFOPLIST_FILE = InteractiveStoryUITests/Info.plist;
				LD_RUNPATH_SEARCH_PATHS = (
					"$(inherited)",
					"@executable_path/Frameworks",
					"@loader_path/Frameworks",
				);
				PRODUCT_BUNDLE_IDENTIFIER = com.alciccone.InteractiveStoryUITests;
				PRODUCT_NAME = "$(TARGET_NAME)";
				SWIFT_VERSION = 4.0;
				TARGETED_DEVICE_FAMILY = "1,2";
				TEST_TARGET_NAME = InteractiveStory;
			};
			name = Release;
		};
/* End XCBuildConfiguration section */

/* Begin XCConfigurationList section */
		A94166FB21402EFA00F59ACB /* Build configuration list for PBXProject "InteractiveStory" */ = {
			isa = XCConfigurationList;
			buildConfigurations = (
				A941672621402F0000F59ACB /* Debug */,
				A941672721402F0000F59ACB /* Release */,
			);
			defaultConfigurationIsVisible = 0;
			defaultConfigurationName = Release;
		};
		A941672821402F0000F59ACB /* Build configuration list for PBXNativeTarget "InteractiveStory" */ = {
			isa = XCConfigurationList;
			buildConfigurations = (
				A941672921402F0000F59ACB /* Debug */,
				A941672A21402F0000F59ACB /* Release */,
			);
			defaultConfigurationIsVisible = 0;
			defaultConfigurationName = Release;
		};
		A941672B21402F0000F59ACB /* Build configuration list for PBXNativeTarget "InteractiveStoryTests" */ = {
			isa = XCConfigurationList;
			buildConfigurations = (
				A941672C21402F0000F59ACB /* Debug */,
				A941672D21402F0000F59ACB /* Release */,
			);
			defaultConfigurationIsVisible = 0;
			defaultConfigurationName = Release;
		};
		A941672E21402F0000F59ACB /* Build configuration list for PBXNativeTarget "InteractiveStoryUITests" */ = {
			isa = XCConfigurationList;
			buildConfigurations = (
				A941672F21402F0000F59ACB /* Debug */,
				A941673021402F0000F59ACB /* Release */,
			);
			defaultConfigurationIsVisible = 0;
			defaultConfigurationName = Release;
		};
/* End XCConfigurationList section */
	};
	rootObject = A94166F821402EFA00F59ACB /* Project object */;
}
